// !$*UTF8*$!
{
	archiveVersion = 1;
	classes = {
	};
	objectVersion = 50;
	objects = {

/* Begin PBXBuildFile section */
		13E142B5664A8636D8F352B0 /* Pods_Final_Project.framework in Frameworks */ = {isa = PBXBuildFile; fileRef = D163329055C809AFA8ED7918 /* Pods_Final_Project.framework */; };
		E10BAA7F218F1F5100FDCC27 /* HelpVC.swift in Sources */ = {isa = PBXBuildFile; fileRef = E10BAA7E218F1F5100FDCC27 /* HelpVC.swift */; };
		E1462B05219B1550002BFFED /* Factory.swift in Sources */ = {isa = PBXBuildFile; fileRef = E1462B04219B1550002BFFED /* Factory.swift */; };
		E1462B0B219C83FE002BFFED /* HistoryDetailVC.swift in Sources */ = {isa = PBXBuildFile; fileRef = E1462B0A219C83FE002BFFED /* HistoryDetailVC.swift */; };
		E1578476219769A900F142CA /* HistoryMasterVC.swift in Sources */ = {isa = PBXBuildFile; fileRef = E1578475219769A900F142CA /* HistoryMasterVC.swift */; };
		E15784782197778100F142CA /* GameHistoryModel.swift in Sources */ = {isa = PBXBuildFile; fileRef = E15784772197778100F142CA /* GameHistoryModel.swift */; };
		E157847A21977DF400F142CA /* FirebaseProxy.swift in Sources */ = {isa = PBXBuildFile; fileRef = E157847921977DF400F142CA /* FirebaseProxy.swift */; };
		E178D865219734D700DA4E93 /* GoogleService-Info.plist in Resources */ = {isa = PBXBuildFile; fileRef = E178D864219734D700DA4E93 /* GoogleService-Info.plist */; };
		E1915B272195AAEA00730B95 /* Notifications.swift in Sources */ = {isa = PBXBuildFile; fileRef = E1915B262195AAEA00730B95 /* Notifications.swift */; };
		E1B00AC6218E4A8B0032A66E /* Assets.xcassets in Resources */ = {isa = PBXBuildFile; fileRef = E1B00AAF218E4A8A0032A66E /* Assets.xcassets */; };
		E1B00AC7218E4A8B0032A66E /* GameBoardView.swift in Sources */ = {isa = PBXBuildFile; fileRef = E1B00AB0218E4A8A0032A66E /* GameBoardView.swift */; };
		E1B00AC9218E4A8B0032A66E /* GamePrefModel.swift in Sources */ = {isa = PBXBuildFile; fileRef = E1B00AB2218E4A8A0032A66E /* GamePrefModel.swift */; };
		E1B00ACA218E4A8B0032A66E /* Persistence.swift in Sources */ = {isa = PBXBuildFile; fileRef = E1B00AB3218E4A8A0032A66E /* Persistence.swift */; };
		E1B00ACB218E4A8B0032A66E /* Delegates.swift in Sources */ = {isa = PBXBuildFile; fileRef = E1B00AB4218E4A8A0032A66E /* Delegates.swift */; };
		E1B00ACC218E4A8B0032A66E /* Protocols.swift in Sources */ = {isa = PBXBuildFile; fileRef = E1B00AB5218E4A8A0032A66E /* Protocols.swift */; };
		E1B00ACD218E4A8B0032A66E /* AppDelegate.swift in Sources */ = {isa = PBXBuildFile; fileRef = E1B00AB6218E4A8A0032A66E /* AppDelegate.swift */; };
		E1B00ACE218E4A8B0032A66E /* ColorPickerView.swift in Sources */ = {isa = PBXBuildFile; fileRef = E1B00AB8218E4A8A0032A66E /* ColorPickerView.swift */; };
		E1B00ACF218E4A8B0032A66E /* ColorPickerModel.swift in Sources */ = {isa = PBXBuildFile; fileRef = E1B00AB9218E4A8A0032A66E /* ColorPickerModel.swift */; };
		E1B00AD0218E4A8B0032A66E /* ColorPickerProtocols.swift in Sources */ = {isa = PBXBuildFile; fileRef = E1B00ABA218E4A8A0032A66E /* ColorPickerProtocols.swift */; };
		E1B00AD1218E4A8B0032A66E /* ColorBarView.swift in Sources */ = {isa = PBXBuildFile; fileRef = E1B00ABB218E4A8A0032A66E /* ColorBarView.swift */; };
		E1B00AD2218E4A8B0032A66E /* ColorPickerExtensions.swift in Sources */ = {isa = PBXBuildFile; fileRef = E1B00ABC218E4A8A0032A66E /* ColorPickerExtensions.swift */; };
		E1B00AD3218E4A8B0032A66E /* Pixel.swift in Sources */ = {isa = PBXBuildFile; fileRef = E1B00ABD218E4A8A0032A66E /* Pixel.swift */; };
		E1B00AD4218E4A8B0032A66E /* 2DOperations.swift in Sources */ = {isa = PBXBuildFile; fileRef = E1B00ABE218E4A8A0032A66E /* 2DOperations.swift */; };
		E1B00AD5218E4A8B0032A66E /* ColorPickerViewController.swift in Sources */ = {isa = PBXBuildFile; fileRef = E1B00ABF218E4A8A0032A66E /* ColorPickerViewController.swift */; };
		E1B00AD6218E4A8B0032A66E /* LaunchScreen.storyboard in Resources */ = {isa = PBXBuildFile; fileRef = E1B00AC0218E4A8A0032A66E /* LaunchScreen.storyboard */; };
		E1B00AD7218E4A8B0032A66E /* Main.storyboard in Resources */ = {isa = PBXBuildFile; fileRef = E1B00AC1218E4A8B0032A66E /* Main.storyboard */; };
		E1B00AD8218E4A8B0032A66E /* SharedAndHelpers.swift in Sources */ = {isa = PBXBuildFile; fileRef = E1B00AC2218E4A8B0032A66E /* SharedAndHelpers.swift */; };
		E1B00AD9218E4A8B0032A66E /* GameLogicModel.swift in Sources */ = {isa = PBXBuildFile; fileRef = E1B00AC3218E4A8B0032A66E /* GameLogicModel.swift */; };
		E1B00ADA218E4A8B0032A66E /* PreferencesVC.swift in Sources */ = {isa = PBXBuildFile; fileRef = E1B00AC4218E4A8B0032A66E /* PreferencesVC.swift */; };
		E1B00ADB218E4A8B0032A66E /* GameBoardVC.swift in Sources */ = {isa = PBXBuildFile; fileRef = E1B00AC5218E4A8B0032A66E /* GameBoardVC.swift */; };
		E1D832A921A0D8AE00ED51DB /* StateMachine.swift in Sources */ = {isa = PBXBuildFile; fileRef = E1D832A821A0D8AD00ED51DB /* StateMachine.swift */; };
/* End PBXBuildFile section */

/* Begin PBXFileReference section */
		716B2219D2357C408C4E5D7A /* Pods-Final_Project.debug.xcconfig */ = {isa = PBXFileReference; includeInIndex = 1; lastKnownFileType = text.xcconfig; name = "Pods-Final_Project.debug.xcconfig"; path = "Pods/Target Support Files/Pods-Final_Project/Pods-Final_Project.debug.xcconfig"; sourceTree = "<group>"; };
		D163329055C809AFA8ED7918 /* Pods_Final_Project.framework */ = {isa = PBXFileReference; explicitFileType = wrapper.framework; includeInIndex = 0; path = Pods_Final_Project.framework; sourceTree = BUILT_PRODUCTS_DIR; };
		E10BAA7E218F1F5100FDCC27 /* HelpVC.swift */ = {isa = PBXFileReference; lastKnownFileType = sourcecode.swift; path = HelpVC.swift; sourceTree = "<group>"; };
		E1462B04219B1550002BFFED /* Factory.swift */ = {isa = PBXFileReference; fileEncoding = 4; lastKnownFileType = sourcecode.swift; path = Factory.swift; sourceTree = "<group>"; };
		E1462B0A219C83FE002BFFED /* HistoryDetailVC.swift */ = {isa = PBXFileReference; lastKnownFileType = sourcecode.swift; path = HistoryDetailVC.swift; sourceTree = "<group>"; };
		E1578475219769A900F142CA /* HistoryMasterVC.swift */ = {isa = PBXFileReference; lastKnownFileType = sourcecode.swift; path = HistoryMasterVC.swift; sourceTree = "<group>"; };
		E15784772197778100F142CA /* GameHistoryModel.swift */ = {isa = PBXFileReference; lastKnownFileType = sourcecode.swift; path = GameHistoryModel.swift; sourceTree = "<group>"; };
		E157847921977DF400F142CA /* FirebaseProxy.swift */ = {isa = PBXFileReference; lastKnownFileType = sourcecode.swift; path = FirebaseProxy.swift; sourceTree = "<group>"; };
		E178D864219734D700DA4E93 /* GoogleService-Info.plist */ = {isa = PBXFileReference; fileEncoding = 4; lastKnownFileType = text.plist.xml; path = "GoogleService-Info.plist"; sourceTree = "<group>"; };
		E1915B262195AAEA00730B95 /* Notifications.swift */ = {isa = PBXFileReference; lastKnownFileType = sourcecode.swift; path = Notifications.swift; sourceTree = "<group>"; };
		E1B00A9A218E4A370032A66E /* Final_Project.app */ = {isa = PBXFileReference; explicitFileType = wrapper.application; includeInIndex = 0; path = Final_Project.app; sourceTree = BUILT_PRODUCTS_DIR; };
		E1B00AAF218E4A8A0032A66E /* Assets.xcassets */ = {isa = PBXFileReference; lastKnownFileType = folder.assetcatalog; path = Assets.xcassets; sourceTree = "<group>"; };
		E1B00AB0218E4A8A0032A66E /* GameBoardView.swift */ = {isa = PBXFileReference; fileEncoding = 4; lastKnownFileType = sourcecode.swift; path = GameBoardView.swift; sourceTree = "<group>"; };
		E1B00AB1218E4A8A0032A66E /* Info.plist */ = {isa = PBXFileReference; fileEncoding = 4; lastKnownFileType = text.plist.xml; path = Info.plist; sourceTree = "<group>"; };
		E1B00AB2218E4A8A0032A66E /* GamePrefModel.swift */ = {isa = PBXFileReference; fileEncoding = 4; lastKnownFileType = sourcecode.swift; path = GamePrefModel.swift; sourceTree = "<group>"; };
		E1B00AB3218E4A8A0032A66E /* Persistence.swift */ = {isa = PBXFileReference; fileEncoding = 4; lastKnownFileType = sourcecode.swift; path = Persistence.swift; sourceTree = "<group>"; };
		E1B00AB4218E4A8A0032A66E /* Delegates.swift */ = {isa = PBXFileReference; fileEncoding = 4; lastKnownFileType = sourcecode.swift; path = Delegates.swift; sourceTree = "<group>"; };
		E1B00AB5218E4A8A0032A66E /* Protocols.swift */ = {isa = PBXFileReference; fileEncoding = 4; lastKnownFileType = sourcecode.swift; path = Protocols.swift; sourceTree = "<group>"; };
		E1B00AB6218E4A8A0032A66E /* AppDelegate.swift */ = {isa = PBXFileReference; fileEncoding = 4; lastKnownFileType = sourcecode.swift; path = AppDelegate.swift; sourceTree = "<group>"; };
		E1B00AB8218E4A8A0032A66E /* ColorPickerView.swift */ = {isa = PBXFileReference; fileEncoding = 4; lastKnownFileType = sourcecode.swift; path = ColorPickerView.swift; sourceTree = "<group>"; };
		E1B00AB9218E4A8A0032A66E /* ColorPickerModel.swift */ = {isa = PBXFileReference; fileEncoding = 4; lastKnownFileType = sourcecode.swift; path = ColorPickerModel.swift; sourceTree = "<group>"; };
		E1B00ABA218E4A8A0032A66E /* ColorPickerProtocols.swift */ = {isa = PBXFileReference; fileEncoding = 4; lastKnownFileType = sourcecode.swift; path = ColorPickerProtocols.swift; sourceTree = "<group>"; };
		E1B00ABB218E4A8A0032A66E /* ColorBarView.swift */ = {isa = PBXFileReference; fileEncoding = 4; lastKnownFileType = sourcecode.swift; path = ColorBarView.swift; sourceTree = "<group>"; };
		E1B00ABC218E4A8A0032A66E /* ColorPickerExtensions.swift */ = {isa = PBXFileReference; fileEncoding = 4; lastKnownFileType = sourcecode.swift; path = ColorPickerExtensions.swift; sourceTree = "<group>"; };
		E1B00ABD218E4A8A0032A66E /* Pixel.swift */ = {isa = PBXFileReference; fileEncoding = 4; lastKnownFileType = sourcecode.swift; path = Pixel.swift; sourceTree = "<group>"; };
		E1B00ABE218E4A8A0032A66E /* 2DOperations.swift */ = {isa = PBXFileReference; fileEncoding = 4; lastKnownFileType = sourcecode.swift; path = 2DOperations.swift; sourceTree = "<group>"; };
		E1B00ABF218E4A8A0032A66E /* ColorPickerViewController.swift */ = {isa = PBXFileReference; fileEncoding = 4; lastKnownFileType = sourcecode.swift; path = ColorPickerViewController.swift; sourceTree = "<group>"; };
		E1B00AC0218E4A8A0032A66E /* LaunchScreen.storyboard */ = {isa = PBXFileReference; fileEncoding = 4; lastKnownFileType = file.storyboard; path = LaunchScreen.storyboard; sourceTree = "<group>"; };
		E1B00AC1218E4A8B0032A66E /* Main.storyboard */ = {isa = PBXFileReference; fileEncoding = 4; lastKnownFileType = file.storyboard; path = Main.storyboard; sourceTree = "<group>"; };
		E1B00AC2218E4A8B0032A66E /* SharedAndHelpers.swift */ = {isa = PBXFileReference; fileEncoding = 4; lastKnownFileType = sourcecode.swift; path = SharedAndHelpers.swift; sourceTree = "<group>"; };
		E1B00AC3218E4A8B0032A66E /* GameLogicModel.swift */ = {isa = PBXFileReference; fileEncoding = 4; lastKnownFileType = sourcecode.swift; path = GameLogicModel.swift; sourceTree = "<group>"; };
		E1B00AC4218E4A8B0032A66E /* PreferencesVC.swift */ = {isa = PBXFileReference; fileEncoding = 4; lastKnownFileType = sourcecode.swift; path = PreferencesVC.swift; sourceTree = "<group>"; };
		E1B00AC5218E4A8B0032A66E /* GameBoardVC.swift */ = {isa = PBXFileReference; fileEncoding = 4; lastKnownFileType = sourcecode.swift; path = GameBoardVC.swift; sourceTree = "<group>"; };
		E1D832A821A0D8AD00ED51DB /* StateMachine.swift */ = {isa = PBXFileReference; lastKnownFileType = sourcecode.swift; name = StateMachine.swift; path = "/Users/robert/Desktop/e65g/final-project-rterry126/Final_Project/Final_Project/StateMachine.swift"; sourceTree = "<absolute>"; };
		FDBFE69B947E00CAF1D8D179 /* Pods-Final_Project.release.xcconfig */ = {isa = PBXFileReference; includeInIndex = 1; lastKnownFileType = text.xcconfig; name = "Pods-Final_Project.release.xcconfig"; path = "Pods/Target Support Files/Pods-Final_Project/Pods-Final_Project.release.xcconfig"; sourceTree = "<group>"; };
/* End PBXFileReference section */

/* Begin PBXFrameworksBuildPhase section */
		E1B00A97218E4A370032A66E /* Frameworks */ = {
			isa = PBXFrameworksBuildPhase;
			buildActionMask = 2147483647;
			files = (
				13E142B5664A8636D8F352B0 /* Pods_Final_Project.framework in Frameworks */,
			);
			runOnlyForDeploymentPostprocessing = 0;
		};
/* End PBXFrameworksBuildPhase section */

/* Begin PBXGroup section */
		6BA7F9B08EB4E29688DB1B2E /* Frameworks */ = {
			isa = PBXGroup;
			children = (
				D163329055C809AFA8ED7918 /* Pods_Final_Project.framework */,
			);
			name = Frameworks;
			sourceTree = "<group>";
		};
		D802641DAF8CD65ABA2C27DC /* Pods */ = {
			isa = PBXGroup;
			children = (
				716B2219D2357C408C4E5D7A /* Pods-Final_Project.debug.xcconfig */,
				FDBFE69B947E00CAF1D8D179 /* Pods-Final_Project.release.xcconfig */,
			);
			name = Pods;
			sourceTree = "<group>";
		};
		E1B00A91218E4A370032A66E = {
			isa = PBXGroup;
			children = (
				E1B00A9C218E4A370032A66E /* Final_Project */,
				E1B00A9B218E4A370032A66E /* Products */,
				D802641DAF8CD65ABA2C27DC /* Pods */,
				6BA7F9B08EB4E29688DB1B2E /* Frameworks */,
			);
			sourceTree = "<group>";
		};
		E1B00A9B218E4A370032A66E /* Products */ = {
			isa = PBXGroup;
			children = (
				E1B00A9A218E4A370032A66E /* Final_Project.app */,
			);
			name = Products;
			sourceTree = "<group>";
		};
		E1B00A9C218E4A370032A66E /* Final_Project */ = {
			isa = PBXGroup;
			children = (
				E1B00AB6218E4A8A0032A66E /* AppDelegate.swift */,
				E157847921977DF400F142CA /* FirebaseProxy.swift */,
				E1B00AB4218E4A8A0032A66E /* Delegates.swift */,
				E1B00AC5218E4A8B0032A66E /* GameBoardVC.swift */,
				E1B00AC4218E4A8B0032A66E /* PreferencesVC.swift */,
				E1578475219769A900F142CA /* HistoryMasterVC.swift */,
				E1462B0A219C83FE002BFFED /* HistoryDetailVC.swift */,
				E10BAA7E218F1F5100FDCC27 /* HelpVC.swift */,
				E1B00AB0218E4A8A0032A66E /* GameBoardView.swift */,
				E1B00AC3218E4A8B0032A66E /* GameLogicModel.swift */,
				E1B00AB2218E4A8A0032A66E /* GamePrefModel.swift */,
				E15784772197778100F142CA /* GameHistoryModel.swift */,
				E1915B262195AAEA00730B95 /* Notifications.swift */,
				E1B00AB1218E4A8A0032A66E /* Info.plist */,
				E178D864219734D700DA4E93 /* GoogleService-Info.plist */,
				E1B00AC0218E4A8A0032A66E /* LaunchScreen.storyboard */,
				E1B00AC1218E4A8B0032A66E /* Main.storyboard */,
				E1B00AB3218E4A8A0032A66E /* Persistence.swift */,
				E1462B04219B1550002BFFED /* Factory.swift */,
				E1B00AB5218E4A8A0032A66E /* Protocols.swift */,
				E1D832A821A0D8AD00ED51DB /* StateMachine.swift */,
				E1B00AC2218E4A8B0032A66E /* SharedAndHelpers.swift */,
				E1B00AAF218E4A8A0032A66E /* Assets.xcassets */,
				E1B00AB7218E4A8A0032A66E /* ColorPicker */,
			);
			path = Final_Project;
			sourceTree = "<group>";
		};
		E1B00AB7218E4A8A0032A66E /* ColorPicker */ = {
			isa = PBXGroup;
			children = (
				E1B00AB8218E4A8A0032A66E /* ColorPickerView.swift */,
				E1B00AB9218E4A8A0032A66E /* ColorPickerModel.swift */,
				E1B00ABA218E4A8A0032A66E /* ColorPickerProtocols.swift */,
				E1B00ABB218E4A8A0032A66E /* ColorBarView.swift */,
				E1B00ABC218E4A8A0032A66E /* ColorPickerExtensions.swift */,
				E1B00ABD218E4A8A0032A66E /* Pixel.swift */,
				E1B00ABE218E4A8A0032A66E /* 2DOperations.swift */,
				E1B00ABF218E4A8A0032A66E /* ColorPickerViewController.swift */,
			);
			path = ColorPicker;
			sourceTree = "<group>";
		};
/* End PBXGroup section */

/* Begin PBXNativeTarget section */
		E1B00A99218E4A370032A66E /* Final_Project */ = {
			isa = PBXNativeTarget;
			buildConfigurationList = E1B00AAC218E4A380032A66E /* Build configuration list for PBXNativeTarget "Final_Project" */;
			buildPhases = (
				88405A9A69609C7FA99B7B50 /* [CP] Check Pods Manifest.lock */,
				E1B00A96218E4A370032A66E /* Sources */,
				E1B00A97218E4A370032A66E /* Frameworks */,
				E1B00A98218E4A370032A66E /* Resources */,
				E11AD768326CDA6602FC711A /* [CP] Embed Pods Frameworks */,
			);
			buildRules = (
			);
			dependencies = (
			);
			name = Final_Project;
			productName = Final_Project;
			productReference = E1B00A9A218E4A370032A66E /* Final_Project.app */;
			productType = "com.apple.product-type.application";
		};
/* End PBXNativeTarget section */

/* Begin PBXProject section */
		E1B00A92218E4A370032A66E /* Project object */ = {
			isa = PBXProject;
			attributes = {
				LastSwiftUpdateCheck = 1000;
				LastUpgradeCheck = 1000;
				ORGANIZATIONNAME = "Robert Terry";
				TargetAttributes = {
					E1B00A99218E4A370032A66E = {
						CreatedOnToolsVersion = 10.0;
						LastSwiftMigration = 1000;
					};
				};
			};
			buildConfigurationList = E1B00A95218E4A370032A66E /* Build configuration list for PBXProject "Final_Project" */;
			compatibilityVersion = "Xcode 9.3";
			developmentRegion = en;
			hasScannedForEncodings = 0;
			knownRegions = (
				en,
				Base,
			);
			mainGroup = E1B00A91218E4A370032A66E;
			productRefGroup = E1B00A9B218E4A370032A66E /* Products */;
			projectDirPath = "";
			projectRoot = "";
			targets = (
				E1B00A99218E4A370032A66E /* Final_Project */,
			);
		};
/* End PBXProject section */

/* Begin PBXResourcesBuildPhase section */
		E1B00A98218E4A370032A66E /* Resources */ = {
			isa = PBXResourcesBuildPhase;
			buildActionMask = 2147483647;
			files = (
				E1B00AD6218E4A8B0032A66E /* LaunchScreen.storyboard in Resources */,
				E178D865219734D700DA4E93 /* GoogleService-Info.plist in Resources */,
				E1B00AC6218E4A8B0032A66E /* Assets.xcassets in Resources */,
				E1B00AD7218E4A8B0032A66E /* Main.storyboard in Resources */,
			);
			runOnlyForDeploymentPostprocessing = 0;
		};
/* End PBXResourcesBuildPhase section */

/* Begin PBXShellScriptBuildPhase section */
		88405A9A69609C7FA99B7B50 /* [CP] Check Pods Manifest.lock */ = {
			isa = PBXShellScriptBuildPhase;
			buildActionMask = 2147483647;
			files = (
			);
			inputFileListPaths = (
			);
			inputPaths = (
				"${PODS_PODFILE_DIR_PATH}/Podfile.lock",
				"${PODS_ROOT}/Manifest.lock",
			);
			name = "[CP] Check Pods Manifest.lock";
			outputFileListPaths = (
			);
			outputPaths = (
				"$(DERIVED_FILE_DIR)/Pods-Final_Project-checkManifestLockResult.txt",
			);
			runOnlyForDeploymentPostprocessing = 0;
			shellPath = /bin/sh;
			shellScript = "diff \"${PODS_PODFILE_DIR_PATH}/Podfile.lock\" \"${PODS_ROOT}/Manifest.lock\" > /dev/null\nif [ $? != 0 ] ; then\n    # print error to STDERR\n    echo \"error: The sandbox is not in sync with the Podfile.lock. Run 'pod install' or update your CocoaPods installation.\" >&2\n    exit 1\nfi\n# This output is used by Xcode 'outputs' to avoid re-running this script phase.\necho \"SUCCESS\" > \"${SCRIPT_OUTPUT_FILE_0}\"\n";
			showEnvVarsInLog = 0;
		};
		E11AD768326CDA6602FC711A /* [CP] Embed Pods Frameworks */ = {
			isa = PBXShellScriptBuildPhase;
			buildActionMask = 2147483647;
			files = (
			);
			inputFileListPaths = (
			);
			inputPaths = (
				"${SRCROOT}/Pods/Target Support Files/Pods-Final_Project/Pods-Final_Project-frameworks.sh",
				"${BUILT_PRODUCTS_DIR}/BoringSSL/openssl.framework",
				"${BUILT_PRODUCTS_DIR}/GoogleUtilities/GoogleUtilities.framework",
				"${BUILT_PRODUCTS_DIR}/Protobuf/Protobuf.framework",
				"${BUILT_PRODUCTS_DIR}/gRPC/GRPCClient.framework",
				"${BUILT_PRODUCTS_DIR}/gRPC-C++/grpcpp.framework",
				"${BUILT_PRODUCTS_DIR}/gRPC-Core/grpc.framework",
				"${BUILT_PRODUCTS_DIR}/gRPC-ProtoRPC/ProtoRPC.framework",
				"${BUILT_PRODUCTS_DIR}/gRPC-RxLibrary/RxLibrary.framework",
				"${BUILT_PRODUCTS_DIR}/leveldb-library/leveldb.framework",
				"${BUILT_PRODUCTS_DIR}/nanopb/nanopb.framework",
			);
			name = "[CP] Embed Pods Frameworks";
			outputFileListPaths = (
			);
			outputPaths = (
				"${TARGET_BUILD_DIR}/${FRAMEWORKS_FOLDER_PATH}/openssl.framework",
				"${TARGET_BUILD_DIR}/${FRAMEWORKS_FOLDER_PATH}/GoogleUtilities.framework",
				"${TARGET_BUILD_DIR}/${FRAMEWORKS_FOLDER_PATH}/Protobuf.framework",
				"${TARGET_BUILD_DIR}/${FRAMEWORKS_FOLDER_PATH}/GRPCClient.framework",
				"${TARGET_BUILD_DIR}/${FRAMEWORKS_FOLDER_PATH}/grpcpp.framework",
				"${TARGET_BUILD_DIR}/${FRAMEWORKS_FOLDER_PATH}/grpc.framework",
				"${TARGET_BUILD_DIR}/${FRAMEWORKS_FOLDER_PATH}/ProtoRPC.framework",
				"${TARGET_BUILD_DIR}/${FRAMEWORKS_FOLDER_PATH}/RxLibrary.framework",
				"${TARGET_BUILD_DIR}/${FRAMEWORKS_FOLDER_PATH}/leveldb.framework",
				"${TARGET_BUILD_DIR}/${FRAMEWORKS_FOLDER_PATH}/nanopb.framework",
			);
			runOnlyForDeploymentPostprocessing = 0;
			shellPath = /bin/sh;
			shellScript = "\"${SRCROOT}/Pods/Target Support Files/Pods-Final_Project/Pods-Final_Project-frameworks.sh\"\n";
			showEnvVarsInLog = 0;
		};
/* End PBXShellScriptBuildPhase section */

/* Begin PBXSourcesBuildPhase section */
		E1B00A96218E4A370032A66E /* Sources */ = {
			isa = PBXSourcesBuildPhase;
			buildActionMask = 2147483647;
			files = (
				E10BAA7F218F1F5100FDCC27 /* HelpVC.swift in Sources */,
				E1B00AD2218E4A8B0032A66E /* ColorPickerExtensions.swift in Sources */,
				E1915B272195AAEA00730B95 /* Notifications.swift in Sources */,
				E1B00AD0218E4A8B0032A66E /* ColorPickerProtocols.swift in Sources */,
				E1B00ADA218E4A8B0032A66E /* PreferencesVC.swift in Sources */,
				E1B00ACD218E4A8B0032A66E /* AppDelegate.swift in Sources */,
				E1B00AD8218E4A8B0032A66E /* SharedAndHelpers.swift in Sources */,
				E1B00AD1218E4A8B0032A66E /* ColorBarView.swift in Sources */,
				E1462B05219B1550002BFFED /* Factory.swift in Sources */,
				E1B00AD3218E4A8B0032A66E /* Pixel.swift in Sources */,
				E1B00ACC218E4A8B0032A66E /* Protocols.swift in Sources */,
				E1B00ACB218E4A8B0032A66E /* Delegates.swift in Sources */,
				E1B00AD9218E4A8B0032A66E /* GameLogicModel.swift in Sources */,
				E1B00ACE218E4A8B0032A66E /* ColorPickerView.swift in Sources */,
				E1B00ACA218E4A8B0032A66E /* Persistence.swift in Sources */,
				E15784782197778100F142CA /* GameHistoryModel.swift in Sources */,
				E1B00AD4218E4A8B0032A66E /* 2DOperations.swift in Sources */,
				E1B00AD5218E4A8B0032A66E /* ColorPickerViewController.swift in Sources */,
				E1462B0B219C83FE002BFFED /* HistoryDetailVC.swift in Sources */,
				E1B00AC9218E4A8B0032A66E /* GamePrefModel.swift in Sources */,
				E1578476219769A900F142CA /* HistoryMasterVC.swift in Sources */,
				E1D832A921A0D8AE00ED51DB /* StateMachine.swift in Sources */,
				E1B00ADB218E4A8B0032A66E /* GameBoardVC.swift in Sources */,
				E1B00AC7218E4A8B0032A66E /* GameBoardView.swift in Sources */,
				E157847A21977DF400F142CA /* FirebaseProxy.swift in Sources */,
				E1B00ACF218E4A8B0032A66E /* ColorPickerModel.swift in Sources */,
			);
			runOnlyForDeploymentPostprocessing = 0;
		};
/* End PBXSourcesBuildPhase section */

/* Begin XCBuildConfiguration section */
		E1B00AAA218E4A380032A66E /* Debug */ = {
			isa = XCBuildConfiguration;
			buildSettings = {
				ALWAYS_SEARCH_USER_PATHS = NO;
				CLANG_ANALYZER_NONNULL = YES;
				CLANG_ANALYZER_NUMBER_OBJECT_CONVERSION = YES_AGGRESSIVE;
				CLANG_CXX_LANGUAGE_STANDARD = "gnu++14";
				CLANG_CXX_LIBRARY = "libc++";
				CLANG_ENABLE_MODULES = YES;
				CLANG_ENABLE_OBJC_ARC = YES;
				CLANG_ENABLE_OBJC_WEAK = YES;
				CLANG_WARN_BLOCK_CAPTURE_AUTORELEASING = YES;
				CLANG_WARN_BOOL_CONVERSION = YES;
				CLANG_WARN_COMMA = YES;
				CLANG_WARN_CONSTANT_CONVERSION = YES;
				CLANG_WARN_DEPRECATED_OBJC_IMPLEMENTATIONS = YES;
				CLANG_WARN_DIRECT_OBJC_ISA_USAGE = YES_ERROR;
				CLANG_WARN_DOCUMENTATION_COMMENTS = YES;
				CLANG_WARN_EMPTY_BODY = YES;
				CLANG_WARN_ENUM_CONVERSION = YES;
				CLANG_WARN_INFINITE_RECURSION = YES;
				CLANG_WARN_INT_CONVERSION = YES;
				CLANG_WARN_NON_LITERAL_NULL_CONVERSION = YES;
				CLANG_WARN_OBJC_IMPLICIT_RETAIN_SELF = YES;
				CLANG_WARN_OBJC_LITERAL_CONVERSION = YES;
				CLANG_WARN_OBJC_ROOT_CLASS = YES_ERROR;
				CLANG_WARN_RANGE_LOOP_ANALYSIS = YES;
				CLANG_WARN_STRICT_PROTOTYPES = YES;
				CLANG_WARN_SUSPICIOUS_MOVE = YES;
				CLANG_WARN_UNGUARDED_AVAILABILITY = YES_AGGRESSIVE;
				CLANG_WARN_UNREACHABLE_CODE = YES;
				CLANG_WARN__DUPLICATE_METHOD_MATCH = YES;
				CODE_SIGN_IDENTITY = "iPhone Developer";
				COPY_PHASE_STRIP = NO;
				DEBUG_INFORMATION_FORMAT = dwarf;
				ENABLE_STRICT_OBJC_MSGSEND = YES;
				ENABLE_TESTABILITY = YES;
				GCC_C_LANGUAGE_STANDARD = gnu11;
				GCC_DYNAMIC_NO_PIC = NO;
				GCC_NO_COMMON_BLOCKS = YES;
				GCC_OPTIMIZATION_LEVEL = 0;
				GCC_PREPROCESSOR_DEFINITIONS = (
					"DEBUG=1",
					"$(inherited)",
				);
				GCC_WARN_64_TO_32_BIT_CONVERSION = YES;
				GCC_WARN_ABOUT_RETURN_TYPE = YES_ERROR;
				GCC_WARN_UNDECLARED_SELECTOR = YES;
				GCC_WARN_UNINITIALIZED_AUTOS = YES_AGGRESSIVE;
				GCC_WARN_UNUSED_FUNCTION = YES;
				GCC_WARN_UNUSED_VARIABLE = YES;
				IPHONEOS_DEPLOYMENT_TARGET = 12.0;
				MTL_ENABLE_DEBUG_INFO = INCLUDE_SOURCE;
				MTL_FAST_MATH = YES;
				ONLY_ACTIVE_ARCH = YES;
				SDKROOT = iphoneos;
				SWIFT_ACTIVE_COMPILATION_CONDITIONS = DEBUG;
				SWIFT_OPTIMIZATION_LEVEL = "-Onone";
			};
			name = Debug;
		};
		E1B00AAB218E4A380032A66E /* Release */ = {
			isa = XCBuildConfiguration;
			buildSettings = {
				ALWAYS_SEARCH_USER_PATHS = NO;
				CLANG_ANALYZER_NONNULL = YES;
				CLANG_ANALYZER_NUMBER_OBJECT_CONVERSION = YES_AGGRESSIVE;
				CLANG_CXX_LANGUAGE_STANDARD = "gnu++14";
				CLANG_CXX_LIBRARY = "libc++";
				CLANG_ENABLE_MODULES = YES;
				CLANG_ENABLE_OBJC_ARC = YES;
				CLANG_ENABLE_OBJC_WEAK = YES;
				CLANG_WARN_BLOCK_CAPTURE_AUTORELEASING = YES;
				CLANG_WARN_BOOL_CONVERSION = YES;
				CLANG_WARN_COMMA = YES;
				CLANG_WARN_CONSTANT_CONVERSION = YES;
				CLANG_WARN_DEPRECATED_OBJC_IMPLEMENTATIONS = YES;
				CLANG_WARN_DIRECT_OBJC_ISA_USAGE = YES_ERROR;
				CLANG_WARN_DOCUMENTATION_COMMENTS = YES;
				CLANG_WARN_EMPTY_BODY = YES;
				CLANG_WARN_ENUM_CONVERSION = YES;
				CLANG_WARN_INFINITE_RECURSION = YES;
				CLANG_WARN_INT_CONVERSION = YES;
				CLANG_WARN_NON_LITERAL_NULL_CONVERSION = YES;
				CLANG_WARN_OBJC_IMPLICIT_RETAIN_SELF = YES;
				CLANG_WARN_OBJC_LITERAL_CONVERSION = YES;
				CLANG_WARN_OBJC_ROOT_CLASS = YES_ERROR;
				CLANG_WARN_RANGE_LOOP_ANALYSIS = YES;
				CLANG_WARN_STRICT_PROTOTYPES = YES;
				CLANG_WARN_SUSPICIOUS_MOVE = YES;
				CLANG_WARN_UNGUARDED_AVAILABILITY = YES_AGGRESSIVE;
				CLANG_WARN_UNREACHABLE_CODE = YES;
				CLANG_WARN__DUPLICATE_METHOD_MATCH = YES;
				CODE_SIGN_IDENTITY = "iPhone Developer";
				COPY_PHASE_STRIP = NO;
				DEBUG_INFORMATION_FORMAT = "dwarf-with-dsym";
				ENABLE_NS_ASSERTIONS = NO;
				ENABLE_STRICT_OBJC_MSGSEND = YES;
				GCC_C_LANGUAGE_STANDARD = gnu11;
				GCC_NO_COMMON_BLOCKS = YES;
				GCC_WARN_64_TO_32_BIT_CONVERSION = YES;
				GCC_WARN_ABOUT_RETURN_TYPE = YES_ERROR;
				GCC_WARN_UNDECLARED_SELECTOR = YES;
				GCC_WARN_UNINITIALIZED_AUTOS = YES_AGGRESSIVE;
				GCC_WARN_UNUSED_FUNCTION = YES;
				GCC_WARN_UNUSED_VARIABLE = YES;
				IPHONEOS_DEPLOYMENT_TARGET = 12.0;
				MTL_ENABLE_DEBUG_INFO = NO;
				MTL_FAST_MATH = YES;
				SDKROOT = iphoneos;
				SWIFT_COMPILATION_MODE = wholemodule;
				SWIFT_OPTIMIZATION_LEVEL = "-O";
				VALIDATE_PRODUCT = YES;
			};
			name = Release;
		};
		E1B00AAD218E4A380032A66E /* Debug */ = {
			isa = XCBuildConfiguration;
			baseConfigurationReference = 716B2219D2357C408C4E5D7A /* Pods-Final_Project.debug.xcconfig */;
			buildSettings = {
				ASSETCATALOG_COMPILER_APPICON_NAME = AppIcon;
				CLANG_ENABLE_MODULES = YES;
				CODE_SIGN_STYLE = Automatic;
				DEVELOPMENT_TEAM = B3HXFU9SPS;
				INFOPLIST_FILE = Final_Project/Info.plist;
				LD_RUNPATH_SEARCH_PATHS = (
					"$(inherited)",
					"@executable_path/Frameworks",
				);
				PRODUCT_BUNDLE_IDENTIFIER = "edu.harvard.csci-e65g.Final-Project-rterry126";
				PRODUCT_NAME = "$(TARGET_NAME)";
				SWIFT_OPTIMIZATION_LEVEL = "-Onone";
				SWIFT_VERSION = 4.2;
				TARGETED_DEVICE_FAMILY = "1,2";
			};
			name = Debug;
		};
		E1B00AAE218E4A380032A66E /* Release */ = {
			isa = XCBuildConfiguration;
			baseConfigurationReference = FDBFE69B947E00CAF1D8D179 /* Pods-Final_Project.release.xcconfig */;
			buildSettings = {
				ASSETCATALOG_COMPILER_APPICON_NAME = AppIcon;
				CLANG_ENABLE_MODULES = YES;
				CODE_SIGN_STYLE = Automatic;
				DEVELOPMENT_TEAM = B3HXFU9SPS;
				INFOPLIST_FILE = Final_Project/Info.plist;
				LD_RUNPATH_SEARCH_PATHS = (
					"$(inherited)",
					"@executable_path/Frameworks",
				);
				PRODUCT_BUNDLE_IDENTIFIER = "edu.harvard.csci-e65g.Final-Project-rterry126";
				PRODUCT_NAME = "$(TARGET_NAME)";
				SWIFT_VERSION = 4.2;
				TARGETED_DEVICE_FAMILY = "1,2";
			};
			name = Release;
		};
/* End XCBuildConfiguration section */

/* Begin XCConfigurationList section */
		E1B00A95218E4A370032A66E /* Build configuration list for PBXProject "Final_Project" */ = {
			isa = XCConfigurationList;
			buildConfigurations = (
				E1B00AAA218E4A380032A66E /* Debug */,
				E1B00AAB218E4A380032A66E /* Release */,
			);
			defaultConfigurationIsVisible = 0;
			defaultConfigurationName = Release;
		};
		E1B00AAC218E4A380032A66E /* Build configuration list for PBXNativeTarget "Final_Project" */ = {
			isa = XCConfigurationList;
			buildConfigurations = (
				E1B00AAD218E4A380032A66E /* Debug */,
				E1B00AAE218E4A380032A66E /* Release */,
			);
			defaultConfigurationIsVisible = 0;
			defaultConfigurationName = Release;
		};
/* End XCConfigurationList section */
	};
	rootObject = E1B00A92218E4A370032A66E /* Project object */;
}
